
Microsoft Visual Studio Solution File, Format Version 12.00
# Visual Studio Version 17
VisualStudioVersion = 17.5.002.0
MinimumVisualStudioVersion = 10.0.40219.1
Project("{9A19103F-16F7-4668-BE54-9A1E7A4F7556}") = "MyWebApp", "MyWebApp.csproj", "{A5F5FA5D-EB08-4756-ABFD-B0F9D762E605}"
EndProject
Global
	GlobalSection(SolutionConfigurationPlatforms) = preSolution
		Debug|Any CPU = Debug|Any CPU
		Release|Any CPU = Release|Any CPU
	EndGlobalSection
	GlobalSection(ProjectConfigurationPlatforms) = postSolution
		{A5F5FA5D-EB08-4756-ABFD-B0F9D762E605}.Debug|Any CPU.ActiveCfg = Debug|Any CPU
		{A5F5FA5D-EB08-4756-ABFD-B0F9D762E605}.Debug|Any CPU.Build.0 = Debug|Any CPU
		{A5F5FA5D-EB08-4756-ABFD-B0F9D762E605}.Release|Any CPU.ActiveCfg = Release|Any CPU
		{A5F5FA5D-EB08-4756-ABFD-B0F9D762E605}.Release|Any CPU.Build.0 = Release|Any CPU
	EndGlobalSection
	GlobalSection(SolutionProperties) = preSolution
		HideSolutionNode = FALSE
	EndGlobalSection
	GlobalSection(ExtensibilityGlobals) = postSolution
		SolutionGuid = {DAAA4F22-6F7D-4097-8470-C169D9B6343A}
	EndGlobalSection
EndGlobal
